// !$*UTF8*$!
{
	archiveVersion = 1;
	classes = {
	};
	objectVersion = 46;
	objects = {

/* Begin PBXBuildFile section */
		F3D789BB191E886C004701A2 /* Foundation.framework in Frameworks */ = {isa = PBXBuildFile; fileRef = F3D789BA191E886C004701A2 /* Foundation.framework */; };
		F3D789BD191E886C004701A2 /* CoreGraphics.framework in Frameworks */ = {isa = PBXBuildFile; fileRef = F3D789BC191E886C004701A2 /* CoreGraphics.framework */; };
		F3D789BF191E886C004701A2 /* UIKit.framework in Frameworks */ = {isa = PBXBuildFile; fileRef = F3D789BE191E886C004701A2 /* UIKit.framework */; };
		F3D789C5191E886C004701A2 /* InfoPlist.strings in Resources */ = {isa = PBXBuildFile; fileRef = F3D789C3191E886C004701A2 /* InfoPlist.strings */; };
		F3D789C7191E886C004701A2 /* main.m in Sources */ = {isa = PBXBuildFile; fileRef = F3D789C6191E886C004701A2 /* main.m */; };
		F3D789CB191E886C004701A2 /* GISAppDelegate.m in Sources */ = {isa = PBXBuildFile; fileRef = F3D789CA191E886C004701A2 /* GISAppDelegate.m */; };
		F3D789CD191E886C004701A2 /* Images.xcassets in Resources */ = {isa = PBXBuildFile; fileRef = F3D789CC191E886C004701A2 /* Images.xcassets */; };
		F3D789D4191E886C004701A2 /* XCTest.framework in Frameworks */ = {isa = PBXBuildFile; fileRef = F3D789D3191E886C004701A2 /* XCTest.framework */; };
		F3D789D5191E886C004701A2 /* Foundation.framework in Frameworks */ = {isa = PBXBuildFile; fileRef = F3D789BA191E886C004701A2 /* Foundation.framework */; };
		F3D789D6191E886C004701A2 /* UIKit.framework in Frameworks */ = {isa = PBXBuildFile; fileRef = F3D789BE191E886C004701A2 /* UIKit.framework */; };
		F3D789DE191E886C004701A2 /* InfoPlist.strings in Resources */ = {isa = PBXBuildFile; fileRef = F3D789DC191E886C004701A2 /* InfoPlist.strings */; };
		F3D789E0191E886C004701A2 /* iOSQuizTests.m in Sources */ = {isa = PBXBuildFile; fileRef = F3D789DF191E886C004701A2 /* iOSQuizTests.m */; };
/* End PBXBuildFile section */

/* Begin PBXContainerItemProxy section */
		F3D789D7191E886C004701A2 /* PBXContainerItemProxy */ = {
			isa = PBXContainerItemProxy;
			containerPortal = F3D789AF191E886C004701A2 /* Project object */;
			proxyType = 1;
			remoteGlobalIDString = F3D789B6191E886C004701A2;
			remoteInfo = iOSQuiz;
		};
/* End PBXContainerItemProxy section */

/* Begin PBXFileReference section */
		F3D789B7191E886C004701A2 /* iOSQuiz.app */ = {isa = PBXFileReference; explicitFileType = wrapper.application; includeInIndex = 0; path = iOSQuiz.app; sourceTree = BUILT_PRODUCTS_DIR; };
		F3D789BA191E886C004701A2 /* Foundation.framework */ = {isa = PBXFileReference; lastKnownFileType = wrapper.framework; name = Foundation.framework; path = System/Library/Frameworks/Foundation.framework; sourceTree = SDKROOT; };
		F3D789BC191E886C004701A2 /* CoreGraphics.framework */ = {isa = PBXFileReference; lastKnownFileType = wrapper.framework; name = CoreGraphics.framework; path = System/Library/Frameworks/CoreGraphics.framework; sourceTree = SDKROOT; };
		F3D789BE191E886C004701A2 /* UIKit.framework */ = {isa = PBXFileReference; lastKnownFileType = wrapper.framework; name = UIKit.framework; path = System/Library/Frameworks/UIKit.framework; sourceTree = SDKROOT; };
		F3D789C2191E886C004701A2 /* iOSQuiz-Info.plist */ = {isa = PBXFileReference; lastKnownFileType = text.plist.xml; path = "iOSQuiz-Info.plist"; sourceTree = "<group>"; };
		F3D789C4191E886C004701A2 /* en */ = {isa = PBXFileReference; lastKnownFileType = text.plist.strings; name = en; path = en.lproj/InfoPlist.strings; sourceTree = "<group>"; };
		F3D789C6191E886C004701A2 /* main.m */ = {isa = PBXFileReference; lastKnownFileType = sourcecode.c.objc; path = main.m; sourceTree = "<group>"; };
		F3D789C8191E886C004701A2 /* iOSQuiz-Prefix.pch */ = {isa = PBXFileReference; lastKnownFileType = sourcecode.c.h; path = "iOSQuiz-Prefix.pch"; sourceTree = "<group>"; };
		F3D789C9191E886C004701A2 /* GISAppDelegate.h */ = {isa = PBXFileReference; lastKnownFileType = sourcecode.c.h; path = GISAppDelegate.h; sourceTree = "<group>"; };
		F3D789CA191E886C004701A2 /* GISAppDelegate.m */ = {isa = PBXFileReference; lastKnownFileType = sourcecode.c.objc; path = GISAppDelegate.m; sourceTree = "<group>"; };
		F3D789CC191E886C004701A2 /* Images.xcassets */ = {isa = PBXFileReference; lastKnownFileType = folder.assetcatalog; path = Images.xcassets; sourceTree = "<group>"; };
		F3D789D2191E886C004701A2 /* iOSQuizTests.xctest */ = {isa = PBXFileReference; explicitFileType = wrapper.cfbundle; includeInIndex = 0; path = iOSQuizTests.xctest; sourceTree = BUILT_PRODUCTS_DIR; };
		F3D789D3191E886C004701A2 /* XCTest.framework */ = {isa = PBXFileReference; lastKnownFileType = wrapper.framework; name = XCTest.framework; path = Library/Frameworks/XCTest.framework; sourceTree = DEVELOPER_DIR; };
		F3D789DB191E886C004701A2 /* iOSQuizTests-Info.plist */ = {isa = PBXFileReference; lastKnownFileType = text.plist.xml; path = "iOSQuizTests-Info.plist"; sourceTree = "<group>"; };
		F3D789DD191E886C004701A2 /* en */ = {isa = PBXFileReference; lastKnownFileType = text.plist.strings; name = en; path = en.lproj/InfoPlist.strings; sourceTree = "<group>"; };
		F3D789DF191E886C004701A2 /* iOSQuizTests.m */ = {isa = PBXFileReference; lastKnownFileType = sourcecode.c.objc; path = iOSQuizTests.m; sourceTree = "<group>"; };
/* End PBXFileReference section */

/* Begin PBXFrameworksBuildPhase section */
		F3D789B4191E886C004701A2 /* Frameworks */ = {
			isa = PBXFrameworksBuildPhase;
			buildActionMask = 2147483647;
			files = (
				F3D789BD191E886C004701A2 /* CoreGraphics.framework in Frameworks */,
				F3D789BF191E886C004701A2 /* UIKit.framework in Frameworks */,
				F3D789BB191E886C004701A2 /* Foundation.framework in Frameworks */,
			);
			runOnlyForDeploymentPostprocessing = 0;
		};
		F3D789CF191E886C004701A2 /* Frameworks */ = {
			isa = PBXFrameworksBuildPhase;
			buildActionMask = 2147483647;
			files = (
				F3D789D4191E886C004701A2 /* XCTest.framework in Frameworks */,
				F3D789D6191E886C004701A2 /* UIKit.framework in Frameworks */,
				F3D789D5191E886C004701A2 /* Foundation.framework in Frameworks */,
			);
			runOnlyForDeploymentPostprocessing = 0;
		};
/* End PBXFrameworksBuildPhase section */

/* Begin PBXGroup section */
		F3D789AE191E886C004701A2 = {
			isa = PBXGroup;
			children = (
				F3D789C0191E886C004701A2 /* iOSQuiz */,
				F3D789D9191E886C004701A2 /* iOSQuizTests */,
				F3D789B9191E886C004701A2 /* Frameworks */,
				F3D789B8191E886C004701A2 /* Products */,
			);
			sourceTree = "<group>";
		};
		F3D789B8191E886C004701A2 /* Products */ = {
			isa = PBXGroup;
			children = (
				F3D789B7191E886C004701A2 /* iOSQuiz.app */,
				F3D789D2191E886C004701A2 /* iOSQuizTests.xctest */,
			);
			name = Products;
			sourceTree = "<group>";
		};
		F3D789B9191E886C004701A2 /* Frameworks */ = {
			isa = PBXGroup;
			children = (
				F3D789BA191E886C004701A2 /* Foundation.framework */,
				F3D789BC191E886C004701A2 /* CoreGraphics.framework */,
				F3D789BE191E886C004701A2 /* UIKit.framework */,
				F3D789D3191E886C004701A2 /* XCTest.framework */,
			);
			name = Frameworks;
			sourceTree = "<group>";
		};
		F3D789C0191E886C004701A2 /* iOSQuiz */ = {
			isa = PBXGroup;
			children = (
				F3D789C9191E886C004701A2 /* GISAppDelegate.h */,
				F3D789CA191E886C004701A2 /* GISAppDelegate.m */,
				F3D789CC191E886C004701A2 /* Images.xcassets */,
				F3D789C1191E886C004701A2 /* Supporting Files */,
			);
			path = iOSQuiz;
			sourceTree = "<group>";
		};
		F3D789C1191E886C004701A2 /* Supporting Files */ = {
			isa = PBXGroup;
			children = (
				F3D789C2191E886C004701A2 /* iOSQuiz-Info.plist */,
				F3D789C3191E886C004701A2 /* InfoPlist.strings */,
				F3D789C6191E886C004701A2 /* main.m */,
				F3D789C8191E886C004701A2 /* iOSQuiz-Prefix.pch */,
			);
			name = "Supporting Files";
			sourceTree = "<group>";
		};
		F3D789D9191E886C004701A2 /* iOSQuizTests */ = {
			isa = PBXGroup;
			children = (
				F3D789DF191E886C004701A2 /* iOSQuizTests.m */,
				F3D789DA191E886C004701A2 /* Supporting Files */,
			);
			path = iOSQuizTests;
			sourceTree = "<group>";
		};
		F3D789DA191E886C004701A2 /* Supporting Files */ = {
			isa = PBXGroup;
			children = (
				F3D789DB191E886C004701A2 /* iOSQuizTests-Info.plist */,
				F3D789DC191E886C004701A2 /* InfoPlist.strings */,
			);
			name = "Supporting Files";
			sourceTree = "<group>";
		};
/* End PBXGroup section */

/* Begin PBXNativeTarget section */
		F3D789B6191E886C004701A2 /* iOSQuiz */ = {
			isa = PBXNativeTarget;
			buildConfigurationList = F3D789E3191E886C004701A2 /* Build configuration list for PBXNativeTarget "iOSQuiz" */;
			buildPhases = (
				F3D789B3191E886C004701A2 /* Sources */,
				F3D789B4191E886C004701A2 /* Frameworks */,
				F3D789B5191E886C004701A2 /* Resources */,
			);
			buildRules = (
			);
			dependencies = (
			);
			name = iOSQuiz;
			productName = iOSQuiz;
			productReference = F3D789B7191E886C004701A2 /* iOSQuiz.app */;
			productType = "com.apple.product-type.application";
		};
		F3D789D1191E886C004701A2 /* iOSQuizTests */ = {
			isa = PBXNativeTarget;
			buildConfigurationList = F3D789E6191E886C004701A2 /* Build configuration list for PBXNativeTarget "iOSQuizTests" */;
			buildPhases = (
				F3D789CE191E886C004701A2 /* Sources */,
				F3D789CF191E886C004701A2 /* Frameworks */,
				F3D789D0191E886C004701A2 /* Resources */,
			);
			buildRules = (
			);
			dependencies = (
				F3D789D8191E886C004701A2 /* PBXTargetDependency */,
			);
			name = iOSQuizTests;
			productName = iOSQuizTests;
			productReference = F3D789D2191E886C004701A2 /* iOSQuizTests.xctest */;
			productType = "com.apple.product-type.bundle.unit-test";
		};
/* End PBXNativeTarget section */

/* Begin PBXProject section */
		F3D789AF191E886C004701A2 /* Project object */ = {
			isa = PBXProject;
			attributes = {
				CLASSPREFIX = GIS;
				LastUpgradeCheck = 0510;
				ORGANIZATIONNAME = "Jerry Chapman";
				TargetAttributes = {
					F3D789D1191E886C004701A2 = {
						TestTargetID = F3D789B6191E886C004701A2;
					};
				};
			};
			buildConfigurationList = F3D789B2191E886C004701A2 /* Build configuration list for PBXProject "iOSQuiz" */;
			compatibilityVersion = "Xcode 3.2";
			developmentRegion = English;
			hasScannedForEncodings = 0;
			knownRegions = (
				en,
			);
			mainGroup = F3D789AE191E886C004701A2;
			productRefGroup = F3D789B8191E886C004701A2 /* Products */;
			projectDirPath = "";
			projectRoot = "";
			targets = (
				F3D789B6191E886C004701A2 /* iOSQuiz */,
				F3D789D1191E886C004701A2 /* iOSQuizTests */,
			);
		};
/* End PBXProject section */

/* Begin PBXResourcesBuildPhase section */
		F3D789B5191E886C004701A2 /* Resources */ = {
			isa = PBXResourcesBuildPhase;
			buildActionMask = 2147483647;
			files = (
				F3D789C5191E886C004701A2 /* InfoPlist.strings in Resources */,
				F3D789CD191E886C004701A2 /* Images.xcassets in Resources */,
			);
			runOnlyForDeploymentPostprocessing = 0;
		};
		F3D789D0191E886C004701A2 /* Resources */ = {
			isa = PBXResourcesBuildPhase;
			buildActionMask = 2147483647;
			files = (
				F3D789DE191E886C004701A2 /* InfoPlist.strings in Resources */,
			);
			runOnlyForDeploymentPostprocessing = 0;
		};
/* End PBXResourcesBuildPhase section */

/* Begin PBXSourcesBuildPhase section */
		F3D789B3191E886C004701A2 /* Sources */ = {
			isa = PBXSourcesBuildPhase;
			buildActionMask = 2147483647;
			files = (
				F3D789CB191E886C004701A2 /* GISAppDelegate.m in Sources */,
				F3D789C7191E886C004701A2 /* main.m in Sources */,
			);
			runOnlyForDeploymentPostprocessing = 0;
		};
		F3D789CE191E886C004701A2 /* Sources */ = {
			isa = PBXSourcesBuildPhase;
			buildActionMask = 2147483647;
			files = (
				F3D789E0191E886C004701A2 /* iOSQuizTests.m in Sources */,
			);
			runOnlyForDeploymentPostprocessing = 0;
		};
/* End PBXSourcesBuildPhase section */

/* Begin PBXTargetDependency section */
		F3D789D8191E886C004701A2 /* PBXTargetDependency */ = {
			isa = PBXTargetDependency;
			target = F3D789B6191E886C004701A2 /* iOSQuiz */;
			targetProxy = F3D789D7191E886C004701A2 /* PBXContainerItemProxy */;
		};
/* End PBXTargetDependency section */

/* Begin PBXVariantGroup section */
		F3D789C3191E886C004701A2 /* InfoPlist.strings */ = {
			isa = PBXVariantGroup;
			children = (
				F3D789C4191E886C004701A2 /* en */,
			);
			name = InfoPlist.strings;
			sourceTree = "<group>";
		};
		F3D789DC191E886C004701A2 /* InfoPlist.strings */ = {
			isa = PBXVariantGroup;
			children = (
				F3D789DD191E886C004701A2 /* en */,
			);
			name = InfoPlist.strings;
			sourceTree = "<group>";
		};
/* End PBXVariantGroup section */

/* Begin XCBuildConfiguration section */
		F3D789E1191E886C004701A2 /* Debug */ = {
			isa = XCBuildConfiguration;
			buildSettings = {
				ALWAYS_SEARCH_USER_PATHS = NO;
				CLANG_CXX_LANGUAGE_STANDARD = "gnu++0x";
				CLANG_CXX_LIBRARY = "libc++";
				CLANG_ENABLE_MODULES = YES;
				CLANG_ENABLE_OBJC_ARC = YES;
				CLANG_WARN_BOOL_CONVERSION = YES;
				CLANG_WARN_CONSTANT_CONVERSION = YES;
				CLANG_WARN_DIRECT_OBJC_ISA_USAGE = YES_ERROR;
				CLANG_WARN_EMPTY_BODY = YES;
				CLANG_WARN_ENUM_CONVERSION = YES;
				CLANG_WARN_INT_CONVERSION = YES;
				CLANG_WARN_OBJC_ROOT_CLASS = YES_ERROR;
				CLANG_WARN__DUPLICATE_METHOD_MATCH = YES;
				"CODE_SIGN_IDENTITY[sdk=iphoneos*]" = "iPhone Developer";
				COPY_PHASE_STRIP = NO;
				GCC_C_LANGUAGE_STANDARD = gnu99;
				GCC_DYNAMIC_NO_PIC = NO;
				GCC_OPTIMIZATION_LEVEL = 0;
				GCC_PREPROCESSOR_DEFINITIONS = (
					"DEBUG=1",
					"$(inherited)",
				);
				GCC_SYMBOLS_PRIVATE_EXTERN = NO;
				GCC_WARN_64_TO_32_BIT_CONVERSION = YES;
				GCC_WARN_ABOUT_RETURN_TYPE = YES_ERROR;
				GCC_WARN_UNDECLARED_SELECTOR = YES;
				GCC_WARN_UNINITIALIZED_AUTOS = YES_AGGRESSIVE;
				GCC_WARN_UNUSED_FUNCTION = YES;
				GCC_WARN_UNUSED_VARIABLE = YES;
				IPHONEOS_DEPLOYMENT_TARGET = 7.1;
				ONLY_ACTIVE_ARCH = YES;
				SDKROOT = iphoneos;
			};
			name = Debug;
		};
		F3D789E2191E886C004701A2 /* Release */ = {
			isa = XCBuildConfiguration;
			buildSettings = {
				ALWAYS_SEARCH_USER_PATHS = NO;
				CLANG_CXX_LANGUAGE_STANDARD = "gnu++0x";
				CLANG_CXX_LIBRARY = "libc++";
				CLANG_ENABLE_MODULES = YES;
				CLANG_ENABLE_OBJC_ARC = YES;
				CLANG_WARN_BOOL_CONVERSION = YES;
				CLANG_WARN_CONSTANT_CONVERSION = YES;
				CLANG_WARN_DIRECT_OBJC_ISA_USAGE = YES_ERROR;
				CLANG_WARN_EMPTY_BODY = YES;
				CLANG_WARN_ENUM_CONVERSION = YES;
				CLANG_WARN_INT_CONVERSION = YES;
				CLANG_WARN_OBJC_ROOT_CLASS = YES_ERROR;
				CLANG_WARN__DUPLICATE_METHOD_MATCH = YES;
				"CODE_SIGN_IDENTITY[sdk=iphoneos*]" = "iPhone Developer";
				COPY_PHASE_STRIP = YES;
				ENABLE_NS_ASSERTIONS = NO;
				GCC_C_LANGUAGE_STANDARD = gnu99;
				GCC_WARN_64_TO_32_BIT_CONVERSION = YES;
				GCC_WARN_ABOUT_RETURN_TYPE = YES_ERROR;
				GCC_WARN_UNDECLARED_SELECTOR = YES;
				GCC_WARN_UNINITIALIZED_AUTOS = YES_AGGRESSIVE;
				GCC_WARN_UNUSED_FUNCTION = YES;
				GCC_WARN_UNUSED_VARIABLE = YES;
				IPHONEOS_DEPLOYMENT_TARGET = 7.1;
				SDKROOT = iphoneos;
				VALIDATE_PRODUCT = YES;
			};
			name = Release;
		};
		F3D789E4191E886C004701A2 /* Debug */ = {
			isa = XCBuildConfiguration;
			buildSettings = {
				ASSETCATALOG_COMPILER_APPICON_NAME = AppIcon;
				ASSETCATALOG_COMPILER_LAUNCHIMAGE_NAME = LaunchImage;
				GCC_PRECOMPILE_PREFIX_HEADER = YES;
				GCC_PREFIX_HEADER = "iOSQuiz/iOSQuiz-Prefix.pch";
				INFOPLIST_FILE = "iOSQuiz/iOSQuiz-Info.plist";
				PRODUCT_NAME = "$(TARGET_NAME)";
				WRAPPER_EXTENSION = app;
			};
			name = Debug;
		};
		F3D789E5191E886C004701A2 /* Release */ = {
			isa = XCBuildConfiguration;
			buildSettings = {
				ASSETCATALOG_COMPILER_APPICON_NAME = AppIcon;
				ASSETCATALOG_COMPILER_LAUNCHIMAGE_NAME = LaunchImage;
				GCC_PRECOMPILE_PREFIX_HEADER = YES;
				GCC_PREFIX_HEADER = "iOSQuiz/iOSQuiz-Prefix.pch";
				INFOPLIST_FILE = "iOSQuiz/iOSQuiz-Info.plist";
				PRODUCT_NAME = "$(TARGET_NAME)";
				WRAPPER_EXTENSION = app;
			};
			name = Release;
		};
		F3D789E7191E886C004701A2 /* Debug */ = {
			isa = XCBuildConfiguration;
			buildSettings = {
				BUNDLE_LOADER = "$(BUILT_PRODUCTS_DIR)/iOSQuiz.app/iOSQuiz";
				FRAMEWORK_SEARCH_PATHS = (
					"$(SDKROOT)/Developer/Library/Frameworks",
					"$(inherited)",
					"$(DEVELOPER_FRAMEWORKS_DIR)",
				);
				GCC_PRECOMPILE_PREFIX_HEADER = YES;
				GCC_PREFIX_HEADER = "iOSQuiz/iOSQuiz-Prefix.pch";
				GCC_PREPROCESSOR_DEFINITIONS = (
					"DEBUG=1",
					"$(inherited)",
				);
				INFOPLIST_FILE = "iOSQuizTests/iOSQuizTests-Info.plist";
				PRODUCT_NAME = "$(TARGET_NAME)";
				TEST_HOST = "$(BUNDLE_LOADER)";
				WRAPPER_EXTENSION = xctest;
			};
			name = Debug;
		};
		F3D789E8191E886C004701A2 /* Release */ = {
			isa = XCBuildConfiguration;
			buildSettings = {
				BUNDLE_LOADER = "$(BUILT_PRODUCTS_DIR)/iOSQuiz.app/iOSQuiz";
				FRAMEWORK_SEARCH_PATHS = (
					"$(SDKROOT)/Developer/Library/Frameworks",
					"$(inherited)",
					"$(DEVELOPER_FRAMEWORKS_DIR)",
				);
				GCC_PRECOMPILE_PREFIX_HEADER = YES;
				GCC_PREFIX_HEADER = "iOSQuiz/iOSQuiz-Prefix.pch";
				INFOPLIST_FILE = "iOSQuizTests/iOSQuizTests-Info.plist";
				PRODUCT_NAME = "$(TARGET_NAME)";
				TEST_HOST = "$(BUNDLE_LOADER)";
				WRAPPER_EXTENSION = xctest;
			};
			name = Release;
		};
/* End XCBuildConfiguration section */

/* Begin XCConfigurationList section */
		F3D789B2191E886C004701A2 /* Build configuration list for PBXProject "iOSQuiz" */ = {
			isa = XCConfigurationList;
			buildConfigurations = (
				F3D789E1191E886C004701A2 /* Debug */,
				F3D789E2191E886C004701A2 /* Release */,
			);
			defaultConfigurationIsVisible = 0;
			defaultConfigurationName = Release;
		};
		F3D789E3191E886C004701A2 /* Build configuration list for PBXNativeTarget "iOSQuiz" */ = {
			isa = XCConfigurationList;
			buildConfigurations = (
				F3D789E4191E886C004701A2 /* Debug */,
				F3D789E5191E886C004701A2 /* Release */,
			);
			defaultConfigurationIsVisible = 0;
		};
		F3D789E6191E886C004701A2 /* Build configuration list for PBXNativeTarget "iOSQuizTests" */ = {
			isa = XCConfigurationList;
			buildConfigurations = (
				F3D789E7191E886C004701A2 /* Debug */,
				F3D789E8191E886C004701A2 /* Release */,
			);
			defaultConfigurationIsVisible = 0;
		};
/* End XCConfigurationList section */
	};
	rootObject = F3D789AF191E886C004701A2 /* Project object */;
}
